
Microsoft Visual Studio Solution File, Format Version 12.00
# Visual Studio Version 17
VisualStudioVersion = 17.3.32811.315
MinimumVisualStudioVersion = 10.0.40219.1
Project("{9A19103F-16F7-4668-BE54-9A1E7A4F7556}") = "DisneyApi", "Api\DisneyApi.csproj", "{52B1F330-9D4E-4B91-8B42-BC14A381D69F}"
EndProject
Project("{9A19103F-16F7-4668-BE54-9A1E7A4F7556}") = "Frontend", "Frontend\Frontend.csproj", "{90747D64-8E75-4EDD-AB4E-46D5D36D4C82}"
EndProject
Global
	GlobalSection(SolutionConfigurationPlatforms) = preSolution
		Debug|Any CPU = Debug|Any CPU
		Release|Any CPU = Release|Any CPU
	EndGlobalSection
	GlobalSection(ProjectConfigurationPlatforms) = postSolution
		{52B1F330-9D4E-4B91-8B42-BC14A381D69F}.Debug|Any CPU.ActiveCfg = Debug|Any CPU
		{52B1F330-9D4E-4B91-8B42-BC14A381D69F}.Debug|Any CPU.Build.0 = Debug|Any CPU
		{52B1F330-9D4E-4B91-8B42-BC14A381D69F}.Release|Any CPU.ActiveCfg = Release|Any CPU
		{52B1F330-9D4E-4B91-8B42-BC14A381D69F}.Release|Any CPU.Build.0 = Release|Any CPU
		{90747D64-8E75-4EDD-AB4E-46D5D36D4C82}.Debug|Any CPU.ActiveCfg = Debug|Any CPU
		{90747D64-8E75-4EDD-AB4E-46D5D36D4C82}.Debug|Any CPU.Build.0 = Debug|Any CPU
		{90747D64-8E75-4EDD-AB4E-46D5D36D4C82}.Release|Any CPU.ActiveCfg = Release|Any CPU
		{90747D64-8E75-4EDD-AB4E-46D5D36D4C82}.Release|Any CPU.Build.0 = Release|Any CPU
	EndGlobalSection
	GlobalSection(SolutionProperties) = preSolution
		HideSolutionNode = FALSE
	EndGlobalSection
	GlobalSection(ExtensibilityGlobals) = postSolution
		SolutionGuid = {76FC0C15-0436-4E07-8B58-D62FECD3AD9D}
	EndGlobalSection
EndGlobal
